Microsoft Visual Studio Solution File, Format Version 12.00
# Visual Studio Version 17
VisualStudioVersion = 17.5.2.0
MinimumVisualStudioVersion = 10.0.40219.1
Project("{2150E333-8FDC-42A3-9474-1A3956D46DE8}") = "components", "components", "{F30895DC-C3AC-FF44-FFF8-D51D98AE1B61}"
EndProject
Project("{2150E333-8FDC-42A3-9474-1A3956D46DE8}") = "app", "app", "{0D4BE8F1-8978-CD54-95F2-203C274A3DA4}"
EndProject
Project("{FAE04EC0-301F-11D3-BF4B-00C04F79EFBC}") = "AtlasShowcase", "components\app\AtlasShowcase.csproj", "{F0F16419-466A-5683-A18D-46C24343D0B5}"
EndProject
Global
	GlobalSection(SolutionConfigurationPlatforms) = preSolution
		Debug|Any CPU = Debug|Any CPU
		Release|Any CPU = Release|Any CPU
	EndGlobalSection
	GlobalSection(ProjectConfigurationPlatforms) = postSolution
		{F0F16419-466A-5683-A18D-46C24343D0B5}.Debug|Any CPU.ActiveCfg = Debug|Any CPU
		{F0F16419-466A-5683-A18D-46C24343D0B5}.Debug|Any CPU.Build.0 = Debug|Any CPU
		{F0F16419-466A-5683-A18D-46C24343D0B5}.Release|Any CPU.ActiveCfg = Release|Any CPU
		{F0F16419-466A-5683-A18D-46C24343D0B5}.Release|Any CPU.Build.0 = Release|Any CPU
	EndGlobalSection
	GlobalSection(SolutionProperties) = preSolution
		HideSolutionNode = FALSE
	EndGlobalSection
	GlobalSection(NestedProjects) = preSolution
		{0D4BE8F1-8978-CD54-95F2-203C274A3DA4} = {F30895DC-C3AC-FF44-FFF8-D51D98AE1B61}
		{F0F16419-466A-5683-A18D-46C24343D0B5} = {0D4BE8F1-8978-CD54-95F2-203C274A3DA4}
	EndGlobalSection
	GlobalSection(ExtensibilityGlobals) = postSolution
		SolutionGuid = {A23ECDFE-C119-442E-B042-E651E992B4FE}
	EndGlobalSection
EndGlobal
